{
	"name": "mk48",
	"version": "0.0.1",
	"lockfileVersion": 1,
	"requires": true,
	"dependencies": {
		"@pixi/accessibility": {
			"version": "6.0.2",
			"resolved": "https://registry.npmjs.org/@pixi/accessibility/-/accessibility-6.0.2.tgz",
			"integrity": "sha512-zHJcrGmpphnqjUQr+5HhcoInuKxZu3PxGl/NRgTC5gpWp259D0LBPT7k3Lt45r4kruDCMUGpMZVb1s46IZniSQ==",
			"dev": true,
			"requires": {
				"@pixi/canvas-renderer": "6.0.2",
				"@pixi/core": "6.0.2",
				"@pixi/display": "6.0.2",
				"@pixi/utils": "6.0.2"
			}
		},
		"@pixi/app": {
			"version": "6.0.2",
			"resolved": "https://registry.npmjs.org/@pixi/app/-/app-6.0.2.tgz",
			"integrity": "sha512-zHCzO0K5jJ48ngbH4FpdYJh1LxuGn9mJSIOF8YorqXFt+3drM9R9/qGGfSGdA9O7rW0O0uIkSndQwPXIlOIsUA==",
			"dev": true,
			"requires": {
				"@pixi/core": "6.0.2",
				"@pixi/display": "6.0.2"
			}
		},
		"@pixi/canvas-renderer": {
			"version": "6.0.2",
			"resolved": "https://registry.npmjs.org/@pixi/canvas-renderer/-/canvas-renderer-6.0.2.tgz",
			"integrity": "sha512-SL3pLxAjEQdVN8Tp/p2svciKeA0DRH7HhlO95frVwxzvG4Z3GGYU39f3ejtCaLPqLGzEJmLND7lbIXh0b+Ornw==",
			"dev": true,
			"requires": {
				"@pixi/constants": "6.0.2",
				"@pixi/core": "6.0.2",
				"@pixi/math": "6.0.2",
				"@pixi/settings": "6.0.2",
				"@pixi/utils": "6.0.2"
			}
		},
		"@pixi/compressed-textures": {
			"version": "6.0.2",
			"resolved": "https://registry.npmjs.org/@pixi/compressed-textures/-/compressed-textures-6.0.2.tgz",
			"integrity": "sha512-SDuCLn/IEo8j1O+OYPVYy3Dz8+jAXLPdJsMYfs4GOGhsQWZ9js5bfLXWuwr6QRPOXoR3e8zb9qC3co8149pNLg==",
			"dev": true,
			"requires": {
				"@pixi/constants": "6.0.2",
				"@pixi/core": "6.0.2",
				"@pixi/loaders": "6.0.2"
			}
		},
		"@pixi/constants": {
			"version": "6.0.2",
			"resolved": "https://registry.npmjs.org/@pixi/constants/-/constants-6.0.2.tgz",
			"integrity": "sha512-4GSVKWr+qtjTj8IpRjXSnpkhF944ybjTSz9FnoqZZJgFxh/+9r53StHEGtKoK+BsSrmqbGzWax9krfc620KcLA==",
			"dev": true
		},
		"@pixi/core": {
			"version": "6.0.2",
			"resolved": "https://registry.npmjs.org/@pixi/core/-/core-6.0.2.tgz",
			"integrity": "sha512-Bz0WQDncrXuLEjU6pX5INrCLd5UorgBfufgysQzncOITIER4sZjAq5R/mCS1M3d4mGFhXZQyMyQK+O4LacWvOQ==",
			"dev": true,
			"requires": {
				"@pixi/constants": "6.0.2",
				"@pixi/math": "6.0.2",
				"@pixi/runner": "6.0.2",
				"@pixi/settings": "6.0.2",
				"@pixi/ticker": "6.0.2",
				"@pixi/utils": "6.0.2"
			}
		},
		"@pixi/display": {
			"version": "6.0.2",
			"resolved": "https://registry.npmjs.org/@pixi/display/-/display-6.0.2.tgz",
			"integrity": "sha512-5qJxwT07McA7EK2yFhqvAjEJpap4Xa2hUCRDfsxl+Fu1Y3zDNBKI7HB8+mWZdYtSnnh5fJxrrw5lPo4HX7M+6w==",
			"dev": true,
			"requires": {
				"@pixi/math": "6.0.2",
				"@pixi/settings": "6.0.2",
				"@pixi/utils": "6.0.2"
			}
		},
		"@pixi/extract": {
			"version": "6.0.2",
			"resolved": "https://registry.npmjs.org/@pixi/extract/-/extract-6.0.2.tgz",
			"integrity": "sha512-vGrewyLREzZOGAjcJO60s7oDm8ATbJOB5KyxuJXOSmIuhEmP69ohmxt1Rk6W8nfUS5m3gYU2KsY//RfDghHzVA==",
			"dev": true,
			"requires": {
				"@pixi/core": "6.0.2",
				"@pixi/math": "6.0.2",
				"@pixi/utils": "6.0.2"
			}
		},
		"@pixi/filter-alpha": {
			"version": "6.0.2",
			"resolved": "https://registry.npmjs.org/@pixi/filter-alpha/-/filter-alpha-6.0.2.tgz",
			"integrity": "sha512-fk7I2mCdQLbt9KrxiCd1103okSoNGXnxa1uY1V66jouSo51IXB3PkNEIFbET/cYOM7kKiMui20sYath1g596ag==",
			"dev": true,
			"requires": {
				"@pixi/core": "6.0.2"
			}
		},
		"@pixi/filter-blur": {
			"version": "6.0.2",
			"resolved": "https://registry.npmjs.org/@pixi/filter-blur/-/filter-blur-6.0.2.tgz",
			"integrity": "sha512-FzaIl4l10lOW4+1SWFjLvK3MtH66zBG1SEa/cMUcVOfwZRIrg5pY3X842kZhNErm42yr9N2xBtKwwVBqQRbV8w==",
			"dev": true,
			"requires": {
				"@pixi/core": "6.0.2",
				"@pixi/settings": "6.0.2"
			}
		},
		"@pixi/filter-color-matrix": {
			"version": "6.0.2",
			"resolved": "https://registry.npmjs.org/@pixi/filter-color-matrix/-/filter-color-matrix-6.0.2.tgz",
			"integrity": "sha512-zOKdURfQFBIqknpisG1Ow7BiYD7zVTAHU/Y4aPNBFwcAxET/fKFDB8vJFztO1g0C4v05ivjVXmvAuIAjlXdOhw==",
			"dev": true,
			"requires": {
				"@pixi/core": "6.0.2"
			}
		},
		"@pixi/filter-displacement": {
			"version": "6.0.2",
			"resolved": "https://registry.npmjs.org/@pixi/filter-displacement/-/filter-displacement-6.0.2.tgz",
			"integrity": "sha512-ozhpQ0YkGxsMDzE8u/zTYp0LZ52VBM849iCIqY/WSVZkjeNYB0XhUZdI/7RMDPMVfiQSENimacEpsOgzsOIPSA==",
			"dev": true,
			"requires": {
				"@pixi/core": "6.0.2",
				"@pixi/math": "6.0.2"
			}
		},
		"@pixi/filter-fxaa": {
			"version": "6.0.2",
			"resolved": "https://registry.npmjs.org/@pixi/filter-fxaa/-/filter-fxaa-6.0.2.tgz",
			"integrity": "sha512-dkX2udy4CqUuAS5yEu3udzdCbpZVdHgoVEksSiFiGzyC17uexkHaunQAgLb2UFGmjbdLT4Vk2FIrgM3+sMWQ3w==",
			"dev": true,
			"requires": {
				"@pixi/core": "6.0.2"
			}
		},
		"@pixi/filter-noise": {
			"version": "6.0.2",
			"resolved": "https://registry.npmjs.org/@pixi/filter-noise/-/filter-noise-6.0.2.tgz",
			"integrity": "sha512-UnaRYV06qWe7ytBHZ8hK6ZH8Bnqhwtuhoj86pAv0Jhc8EXwcKC2wLT7JDFxBnjB1GwJuWDYnNrQpPsyRQsHNiA==",
			"dev": true,
			"requires": {
				"@pixi/core": "6.0.2"
			}
		},
		"@pixi/graphics": {
			"version": "6.0.2",
			"resolved": "https://registry.npmjs.org/@pixi/graphics/-/graphics-6.0.2.tgz",
			"integrity": "sha512-/hONnNsWIo8O/0yQf2voBRi0aLnt7RXHXiYLb1d0bMkfYVHbn6r+TYZsz/mjOC1MRW+B0Bkh5ZxRWOgF3IpCiA==",
			"dev": true,
			"requires": {
				"@pixi/constants": "6.0.2",
				"@pixi/core": "6.0.2",
				"@pixi/display": "6.0.2",
				"@pixi/math": "6.0.2",
				"@pixi/sprite": "6.0.2",
				"@pixi/utils": "6.0.2"
			}
		},
		"@pixi/interaction": {
			"version": "6.0.2",
			"resolved": "https://registry.npmjs.org/@pixi/interaction/-/interaction-6.0.2.tgz",
			"integrity": "sha512-YRT1reJXISgAf1+lRECpchR7+MUcGA/vdC612oG0fbrONCI0r1jMwMjdEcTnuMzZrzfSGL6yz0pkhIjWMjuY0g==",
			"dev": true,
			"requires": {
				"@pixi/core": "6.0.2",
				"@pixi/display": "6.0.2",
				"@pixi/math": "6.0.2",
				"@pixi/ticker": "6.0.2",
				"@pixi/utils": "6.0.2"
			}
		},
		"@pixi/loaders": {
			"version": "6.0.2",
			"resolved": "https://registry.npmjs.org/@pixi/loaders/-/loaders-6.0.2.tgz",
			"integrity": "sha512-ir71du5YOoH/NW8/rNwQ5br+YCVcKWUAltsUaQfTCMLjPzaT8nHtsBiy/krQIGNus179l1h7NfGrSOK/RU936Q==",
			"dev": true,
			"requires": {
				"@pixi/constants": "6.0.2",
				"@pixi/core": "6.0.2",
				"@pixi/utils": "6.0.2",
				"resource-loader": "^3.0.1"
			}
		},
		"@pixi/math": {
			"version": "6.0.2",
			"resolved": "https://registry.npmjs.org/@pixi/math/-/math-6.0.2.tgz",
			"integrity": "sha512-eA4VmqkWTUSRl1iYIu3sCitbg8+QfohU0Zk/61J1s0pzWtLjMECkrlcwiFfCxwNU7MhkOATQ53dxgmNtBa77zw==",
			"dev": true
		},
		"@pixi/mesh": {
			"version": "6.0.2",
			"resolved": "https://registry.npmjs.org/@pixi/mesh/-/mesh-6.0.2.tgz",
			"integrity": "sha512-Sc3VrB7/MQ4/Ju86Cks43pJlw6bH0o/SXm/UgIkW7B2cYQMdffcWwt3bOvdyeiChNJWN6308m9VtU0Dx+5xalA==",
			"dev": true,
			"requires": {
				"@pixi/constants": "6.0.2",
				"@pixi/core": "6.0.2",
				"@pixi/display": "6.0.2",
				"@pixi/math": "6.0.2",
				"@pixi/settings": "6.0.2",
				"@pixi/utils": "6.0.2"
			}
		},
		"@pixi/mesh-extras": {
			"version": "6.0.2",
			"resolved": "https://registry.npmjs.org/@pixi/mesh-extras/-/mesh-extras-6.0.2.tgz",
			"integrity": "sha512-Q2O3/MR5ghMx95N2DnvYbyDL6aK9fU5cxLy6nEAd/i4iNyBA/XIfC7iB6WY207OyF9PIjPedT5Ha1SSSiujhAA==",
			"dev": true,
			"requires": {
				"@pixi/constants": "6.0.2",
				"@pixi/core": "6.0.2",
				"@pixi/math": "6.0.2",
				"@pixi/mesh": "6.0.2",
				"@pixi/utils": "6.0.2"
			}
		},
		"@pixi/mixin-cache-as-bitmap": {
			"version": "6.0.2",
			"resolved": "https://registry.npmjs.org/@pixi/mixin-cache-as-bitmap/-/mixin-cache-as-bitmap-6.0.2.tgz",
			"integrity": "sha512-GBS/s1sf01AWmWBiFD9ppx/20EZMGYvJ2vq/fK/7jmTRA1gTJVI9UA/Suhx3n2KVe7szRDHBAgKKuMjC0W4q7w==",
			"dev": true,
			"requires": {
				"@pixi/canvas-renderer": "6.0.2",
				"@pixi/core": "6.0.2",
				"@pixi/display": "6.0.2",
				"@pixi/math": "6.0.2",
				"@pixi/settings": "6.0.2",
				"@pixi/sprite": "6.0.2",
				"@pixi/utils": "6.0.2"
			}
		},
		"@pixi/mixin-get-child-by-name": {
			"version": "6.0.2",
			"resolved": "https://registry.npmjs.org/@pixi/mixin-get-child-by-name/-/mixin-get-child-by-name-6.0.2.tgz",
			"integrity": "sha512-qQ+cqOXX50FG3DyuOS69iVc9uOox93ARJoBoh1d3aYwHMUg45oBTyX6xv3suquvPTDcLnKGrJeiHQ/c/xw7tRw==",
			"dev": true,
			"requires": {
				"@pixi/display": "6.0.2"
			}
		},
		"@pixi/mixin-get-global-position": {
			"version": "6.0.2",
			"resolved": "https://registry.npmjs.org/@pixi/mixin-get-global-position/-/mixin-get-global-position-6.0.2.tgz",
			"integrity": "sha512-waO1D/asjNorJpE+hdJqCg1gnfqOVIUf2mZmKWfS4jW/OPvhbAR1pX6uXP2uZ6yLoK/Ft94x9faMjuDeqxMdFg==",
			"dev": true,
			"requires": {
				"@pixi/display": "6.0.2",
				"@pixi/math": "6.0.2"
			}
		},
		"@pixi/particles": {
			"version": "6.0.2",
			"resolved": "https://registry.npmjs.org/@pixi/particles/-/particles-6.0.2.tgz",
			"integrity": "sha512-Z0vAjqmCGXrdwBmdiC7I4Flv0QQ0q4GxC1lqymT58KhA//GiZOLYp0FuK5RojslLrUu7w5MAfUWwLq7gruu2cQ==",
			"dev": true,
			"requires": {
				"@pixi/constants": "6.0.2",
				"@pixi/core": "6.0.2",
				"@pixi/display": "6.0.2",
				"@pixi/math": "6.0.2",
				"@pixi/utils": "6.0.2"
			}
		},
		"@pixi/polyfill": {
			"version": "6.0.2",
			"resolved": "https://registry.npmjs.org/@pixi/polyfill/-/polyfill-6.0.2.tgz",
			"integrity": "sha512-PD+d3kGPPKoYgkSQ/xT8U3y12T4StkcpCK6QfFy6k+dkWHzGcQI1aE46Vw6tZ+ZkFi5nRUTNk9C3VlwWt/Fdfw==",
			"dev": true,
			"requires": {
				"object-assign": "^4.1.1",
				"promise-polyfill": "^8.2.0"
			}
		},
		"@pixi/prepare": {
			"version": "6.0.2",
			"resolved": "https://registry.npmjs.org/@pixi/prepare/-/prepare-6.0.2.tgz",
			"integrity": "sha512-bmVE/6qV7Psd3EhumLdeAH7MmU3VpuUcnbyDhrmrJrUmfbqrXiMApCLqGSYjMHQI/abZwFQ0vMgDQhx9dfG8wA==",
			"dev": true,
			"requires": {
				"@pixi/core": "6.0.2",
				"@pixi/display": "6.0.2",
				"@pixi/graphics": "6.0.2",
				"@pixi/settings": "6.0.2",
				"@pixi/text": "6.0.2",
				"@pixi/ticker": "6.0.2"
			}
		},
		"@pixi/runner": {
			"version": "6.0.2",
			"resolved": "https://registry.npmjs.org/@pixi/runner/-/runner-6.0.2.tgz",
			"integrity": "sha512-HcaDuwT+kconUZJh9gzGy166R/0hWkgXpLX0mqUYo5qPKmhiC+balJsiha6IIV6Ckg5c5IX2GQBSkXJrEDlOMg==",
			"dev": true
		},
		"@pixi/settings": {
			"version": "6.0.2",
			"resolved": "https://registry.npmjs.org/@pixi/settings/-/settings-6.0.2.tgz",
			"integrity": "sha512-hZMZIKDsqpf2qtVAnZvemGcFw1ujkZb/r4nVn4/hYeyZLK63I5IpQKEPPK9NMicTM697V+BRoMbWqbrlubiLKw==",
			"dev": true,
			"requires": {
				"ismobilejs": "^1.1.0"
			}
		},
		"@pixi/sprite": {
			"version": "6.0.2",
			"resolved": "https://registry.npmjs.org/@pixi/sprite/-/sprite-6.0.2.tgz",
			"integrity": "sha512-I9FHX0zxvfVg/L6hZVRX9kpsdbbxLu9KhN8kdJmDR+RGxuoxGrnboTx5VgT3AW0rYJvwp47VneQTKVVMjat11A==",
			"dev": true,
			"requires": {
				"@pixi/constants": "6.0.2",
				"@pixi/core": "6.0.2",
				"@pixi/display": "6.0.2",
				"@pixi/math": "6.0.2",
				"@pixi/settings": "6.0.2",
				"@pixi/utils": "6.0.2"
			}
		},
		"@pixi/sprite-animated": {
			"version": "6.0.2",
			"resolved": "https://registry.npmjs.org/@pixi/sprite-animated/-/sprite-animated-6.0.2.tgz",
			"integrity": "sha512-OSINySJ1uk/iaD4Yk/3czRlitTMVIEgzgvqzSZL+GcqHqzc3lW/BpZ31+so+W/4Yv7KckzBJdB++GvsAfAU0kA==",
			"dev": true,
			"requires": {
				"@pixi/core": "6.0.2",
				"@pixi/sprite": "6.0.2",
				"@pixi/ticker": "6.0.2"
			}
		},
		"@pixi/sprite-tiling": {
			"version": "6.0.2",
			"resolved": "https://registry.npmjs.org/@pixi/sprite-tiling/-/sprite-tiling-6.0.2.tgz",
			"integrity": "sha512-tauohq//qEZirTM5A6pLKUIUgBPp1qTxjrI4lpFp4scalehAdR04dPe3a9JMr7uwmPiskQIB5/LZX7sMtl3jpg==",
			"dev": true,
			"requires": {
				"@pixi/constants": "6.0.2",
				"@pixi/core": "6.0.2",
				"@pixi/display": "6.0.2",
				"@pixi/math": "6.0.2",
				"@pixi/sprite": "6.0.2",
				"@pixi/utils": "6.0.2"
			}
		},
		"@pixi/spritesheet": {
			"version": "6.0.2",
			"resolved": "https://registry.npmjs.org/@pixi/spritesheet/-/spritesheet-6.0.2.tgz",
			"integrity": "sha512-gWVxx0uWKaNtcj1beLZw0vvogDgmerct+oSA0pU6A3b20pDMrAPc90EuOEOOQ/xxxrHfpIY00IIXsUmAmmA0Zg==",
			"dev": true,
			"requires": {
				"@pixi/core": "6.0.2",
				"@pixi/loaders": "6.0.2",
				"@pixi/math": "6.0.2",
				"@pixi/utils": "6.0.2"
			}
		},
		"@pixi/text": {
			"version": "6.0.2",
			"resolved": "https://registry.npmjs.org/@pixi/text/-/text-6.0.2.tgz",
			"integrity": "sha512-XBhiwLeuL8dBsPwXMDOq9O0JxZcOA2l0aOnFs2O2fZPLL4gkvyquZA+s95C6bGZMR+6j0xtFIQDCsBQCZl1A/g==",
			"dev": true,
			"requires": {
				"@pixi/core": "6.0.2",
				"@pixi/math": "6.0.2",
				"@pixi/settings": "6.0.2",
				"@pixi/sprite": "6.0.2",
				"@pixi/utils": "6.0.2"
			}
		},
		"@pixi/text-bitmap": {
			"version": "6.0.2",
			"resolved": "https://registry.npmjs.org/@pixi/text-bitmap/-/text-bitmap-6.0.2.tgz",
			"integrity": "sha512-wT3JUp/Y1+B979UpIMibV3Cir0Tb1oi5Sc1r6FPr51KUfFxHMj6Q7+OV1YxJvSMoaKLK6efImfMXGKAKYtVXMQ==",
			"dev": true,
			"requires": {
				"@pixi/core": "6.0.2",
				"@pixi/display": "6.0.2",
				"@pixi/loaders": "6.0.2",
				"@pixi/math": "6.0.2",
				"@pixi/mesh": "6.0.2",
				"@pixi/settings": "6.0.2",
				"@pixi/text": "6.0.2",
				"@pixi/utils": "6.0.2"
			}
		},
		"@pixi/ticker": {
			"version": "6.0.2",
			"resolved": "https://registry.npmjs.org/@pixi/ticker/-/ticker-6.0.2.tgz",
			"integrity": "sha512-oBZTfId0D+hDbDCaYvREclI7jvIAmcaxd7iaOPcELHcPPyJ+ym+4hggsXSIchXeeFYasLjI5bfqJPzzL6IasTg==",
			"dev": true,
			"requires": {
				"@pixi/settings": "6.0.2"
			}
		},
		"@pixi/utils": {
			"version": "6.0.2",
			"resolved": "https://registry.npmjs.org/@pixi/utils/-/utils-6.0.2.tgz",
			"integrity": "sha512-jx3ZYJ29mTJSqBPQbDUPPorsPXiGOQzL6IIW5vwE05LekYmwocR8b48vLYKdbr8XdyOQ7Eqe43PodiwCLjuWvA==",
			"dev": true,
			"requires": {
				"@pixi/constants": "6.0.2",
				"@pixi/settings": "6.0.2",
				"@types/earcut": "^2.1.0",
				"earcut": "^2.2.2",
				"eventemitter3": "^3.1.0",
				"url": "^0.11.0"
			}
		},
		"@rollup/pluginutils": {
			"version": "4.1.0",
			"resolved": "https://registry.npmjs.org/@rollup/pluginutils/-/pluginutils-4.1.0.tgz",
			"integrity": "sha512-TrBhfJkFxA+ER+ew2U2/fHbebhLT/l/2pRk0hfj9KusXUuRXd2v0R58AfaZK9VXDQ4TogOSEmICVrQAA3zFnHQ==",
			"dev": true,
			"requires": {
				"estree-walker": "^2.0.1",
				"picomatch": "^2.2.2"
			}
		},
		"@sveltejs/adapter-node": {
			"version": "1.0.0-next.18",
			"resolved": "https://registry.npmjs.org/@sveltejs/adapter-node/-/adapter-node-1.0.0-next.18.tgz",
			"integrity": "sha512-w0w9KKo2p/Aq68JIQyWjNVBg/OuNqaYbVNFf9TVgXcdlPJcY1NncwujqUqejBATTm+ZhQzyQqXoosgqYtTI5tA==",
			"dev": true
		},
		"@sveltejs/adapter-static": {
			"version": "1.0.0-next.8",
			"resolved": "https://registry.npmjs.org/@sveltejs/adapter-static/-/adapter-static-1.0.0-next.8.tgz",
			"integrity": "sha512-goE3v68y+pn+fayPDJCCQ7W1QQpSMl86pZS9RvjuG64+TEI/PGsZwYR1RRgvwIiDqu33wBEHj+3ZYHEpJO/gwg==",
			"dev": true
		},
		"@sveltejs/kit": {
			"version": "1.0.0-next.101",
			"resolved": "https://registry.npmjs.org/@sveltejs/kit/-/kit-1.0.0-next.101.tgz",
			"integrity": "sha512-SwUImLhFmyaDsq7LKRJXPJRIOPa06SWENG7heko5FTRRLMpI/UDFcijjT2ln0Fp+AL9XfSbTHO8QrOflCMbfiQ==",
			"dev": true,
			"requires": {
				"@sveltejs/vite-plugin-svelte": "^1.0.0-next.9",
				"cheap-watch": "^1.0.3",
				"sade": "^1.7.4"
			}
		},
		"@sveltejs/vite-plugin-svelte": {
			"version": "1.0.0-next.9",
			"resolved": "https://registry.npmjs.org/@sveltejs/vite-plugin-svelte/-/vite-plugin-svelte-1.0.0-next.9.tgz",
			"integrity": "sha512-ySB/GJsZV3h3jqjq5WIiaxVFkJK6vqtG9gS7Iw6SfUH9ZiFNw5JjQF69g68j9cNep3q4yRIYiG5/pI3YIdXEuA==",
			"dev": true,
			"requires": {
				"@rollup/pluginutils": "^4.1.0",
				"chalk": "^4.1.1",
				"debug": "^4.3.2",
				"hash-sum": "^2.0.0",
				"require-relative": "^0.8.7",
				"slash": "^4.0.0",
				"source-map": "^0.7.3",
				"svelte-hmr": "^0.14.2"
			}
		},
		"@types/earcut": {
			"version": "2.1.1",
			"resolved": "https://registry.npmjs.org/@types/earcut/-/earcut-2.1.1.tgz",
			"integrity": "sha512-w8oigUCDjElRHRRrMvn/spybSMyX8MTkKA5Dv+tS1IE/TgmNZPqUYtvYBXGY8cieSE66gm+szeK+bnbxC2xHTQ==",
			"dev": true
		},
		"ansi-styles": {
			"version": "4.3.0",
			"resolved": "https://registry.npmjs.org/ansi-styles/-/ansi-styles-4.3.0.tgz",
			"integrity": "sha512-zbB9rCJAT1rbjiVDb2hqKFHNYLxgtk8NURxZ3IZwD3F6NtxbXZQCnnSi1Lkx+IDohdPlFp222wVALIheZJQSEg==",
			"dev": true,
			"requires": {
				"color-convert": "^2.0.1"
			}
		},
		"chalk": {
			"version": "4.1.1",
			"resolved": "https://registry.npmjs.org/chalk/-/chalk-4.1.1.tgz",
			"integrity": "sha512-diHzdDKxcU+bAsUboHLPEDQiw0qEe0qd7SYUn3HgcFlWgbDcfLGswOHYeGrHKzG9z6UYf01d9VFMfZxPM1xZSg==",
			"dev": true,
			"requires": {
				"ansi-styles": "^4.1.0",
				"supports-color": "^7.1.0"
			}
		},
		"cheap-watch": {
			"version": "1.0.3",
			"resolved": "https://registry.npmjs.org/cheap-watch/-/cheap-watch-1.0.3.tgz",
			"integrity": "sha512-xC5CruMhLzjPwJ5ecUxGu1uGmwJQykUhqd2QrCrYbwvsFYdRyviu6jG9+pccwDXJR/OpmOTOJ9yLFunVgQu9wg==",
			"dev": true
		},
		"color-convert": {
			"version": "2.0.1",
			"resolved": "https://registry.npmjs.org/color-convert/-/color-convert-2.0.1.tgz",
			"integrity": "sha512-RRECPsj7iu/xb5oKYcsFHSppFNnsj/52OVTRKb4zP5onXwVF3zVmmToNcOfGC+CRDpfK/U584fMg38ZHCaElKQ==",
			"dev": true,
			"requires": {
				"color-name": "~1.1.4"
			}
		},
		"color-name": {
			"version": "1.1.4",
			"resolved": "https://registry.npmjs.org/color-name/-/color-name-1.1.4.tgz",
			"integrity": "sha512-dOy+3AuW3a2wNbZHIuMZpTcgjGuLU/uBL/ubcZF9OXbDo8ff4O8yVp5Bf0efS8uEoYo5q4Fx7dY9OgQGXgAsQA==",
			"dev": true
		},
		"colorette": {
			"version": "1.2.2",
			"resolved": "https://registry.npmjs.org/colorette/-/colorette-1.2.2.tgz",
			"integrity": "sha512-MKGMzyfeuutC/ZJ1cba9NqcNpfeqMUcYmyF1ZFY6/Cn7CNSAKx6a+s48sqLqyAiZuaP2TcqMhoo+dlwFnVxT9w==",
			"dev": true
		},
		"debug": {
			"version": "4.3.2",
			"resolved": "https://registry.npmjs.org/debug/-/debug-4.3.2.tgz",
			"integrity": "sha512-mOp8wKcvj7XxC78zLgw/ZA+6TSgkoE2C/ienthhRD298T7UNwAg9diBpLRxC0mOezLl4B0xV7M0cCO6P/O0Xhw==",
			"dev": true,
			"requires": {
				"ms": "2.1.2"
			}
		},
		"earcut": {
			"version": "2.2.2",
			"resolved": "https://registry.npmjs.org/earcut/-/earcut-2.2.2.tgz",
			"integrity": "sha512-eZoZPPJcUHnfRZ0PjLvx2qBordSiO8ofC3vt+qACLM95u+4DovnbYNpQtJh0DNsWj8RnxrQytD4WA8gj5cRIaQ==",
			"dev": true
		},
		"esbuild": {
			"version": "0.9.7",
			"resolved": "https://registry.npmjs.org/esbuild/-/esbuild-0.9.7.tgz",
			"integrity": "sha512-VtUf6aQ89VTmMLKrWHYG50uByMF4JQlVysb8dmg6cOgW8JnFCipmz7p+HNBl+RR3LLCuBxFGVauAe2wfnF9bLg==",
			"dev": true
		},
		"estree-walker": {
			"version": "2.0.2",
			"resolved": "https://registry.npmjs.org/estree-walker/-/estree-walker-2.0.2.tgz",
			"integrity": "sha512-Rfkk/Mp/DL7JVje3u18FxFujQlTNR2q6QfMSMB7AvCBx91NGj/ba3kCfza0f6dVDbw7YlRf/nDrn7pQrCCyQ/w==",
			"dev": true
		},
		"eventemitter3": {
			"version": "3.1.2",
			"resolved": "https://registry.npmjs.org/eventemitter3/-/eventemitter3-3.1.2.tgz",
			"integrity": "sha512-tvtQIeLVHjDkJYnzf2dgVMxfuSGJeM/7UCG17TT4EumTfNtF+0nebF/4zWOIkCreAbtNqhGEboB6BWrwqNaw4Q==",
			"dev": true
		},
		"fsevents": {
			"version": "2.3.2",
			"resolved": "https://registry.npmjs.org/fsevents/-/fsevents-2.3.2.tgz",
			"integrity": "sha512-xiqMQR4xAeHTuB9uWm+fFRcIOgKBMiOBP+eXiyT7jsgVCq1bkVygt00oASowB7EdtpOHaaPgKt812P9ab+DDKA==",
			"dev": true,
			"optional": true
		},
		"function-bind": {
			"version": "1.1.1",
			"resolved": "https://registry.npmjs.org/function-bind/-/function-bind-1.1.1.tgz",
			"integrity": "sha512-yIovAzMX49sF8Yl58fSCWJ5svSLuaibPxXQJFLmBObTuCr0Mf1KiPopGM9NiFjiYBCbfaa2Fh6breQ6ANVTI0A==",
			"dev": true
		},
		"has": {
			"version": "1.0.3",
			"resolved": "https://registry.npmjs.org/has/-/has-1.0.3.tgz",
			"integrity": "sha512-f2dvO0VU6Oej7RkWJGrehjbzMAjFp5/VKPp5tTpWIV4JHHZK1/BxbFRtf/siA2SWTe09caDmVtYYzWEIbBS4zw==",
			"dev": true,
			"requires": {
				"function-bind": "^1.1.1"
			}
		},
		"has-flag": {
			"version": "4.0.0",
			"resolved": "https://registry.npmjs.org/has-flag/-/has-flag-4.0.0.tgz",
			"integrity": "sha512-EykJT/Q1KjTWctppgIAgfSO0tKVuZUjhgMr17kqTumMl6Afv3EISleU7qZUzoXDFTAHTDC4NOoG/ZxU3EvlMPQ==",
			"dev": true
		},
		"hash-sum": {
			"version": "2.0.0",
			"resolved": "https://registry.npmjs.org/hash-sum/-/hash-sum-2.0.0.tgz",
			"integrity": "sha512-WdZTbAByD+pHfl/g9QSsBIIwy8IT+EsPiKDs0KNX+zSHhdDLFKdZu0BQHljvO+0QI/BasbMSUa8wYNCZTvhslg==",
			"dev": true
		},
		"is-core-module": {
			"version": "2.3.0",
			"resolved": "https://registry.npmjs.org/is-core-module/-/is-core-module-2.3.0.tgz",
			"integrity": "sha512-xSphU2KG9867tsYdLD4RWQ1VqdFl4HTO9Thf3I/3dLEfr0dbPTWKsuCKrgqMljg4nPE+Gq0VCnzT3gr0CyBmsw==",
			"dev": true,
			"requires": {
				"has": "^1.0.3"
			}
		},
		"ismobilejs": {
			"version": "1.1.1",
			"resolved": "https://registry.npmjs.org/ismobilejs/-/ismobilejs-1.1.1.tgz",
			"integrity": "sha512-VaFW53yt8QO61k2WJui0dHf4SlL8lxBofUuUmwBo0ljPk0Drz2TiuDW4jo3wDcv41qy/SxrJ+VAzJ/qYqsmzRw==",
			"dev": true
		},
		"mini-signals": {
			"version": "1.2.0",
			"resolved": "https://registry.npmjs.org/mini-signals/-/mini-signals-1.2.0.tgz",
			"integrity": "sha1-RbCAE8X65RokqhqTXNMXye1yHXQ=",
			"dev": true
		},
		"mri": {
			"version": "1.1.6",
			"resolved": "https://registry.npmjs.org/mri/-/mri-1.1.6.tgz",
			"integrity": "sha512-oi1b3MfbyGa7FJMP9GmLTttni5JoICpYBRlq+x5V16fZbLsnL9N3wFqqIm/nIG43FjUFkFh9Epzp/kzUGUnJxQ==",
			"dev": true
		},
		"ms": {
			"version": "2.1.2",
			"resolved": "https://registry.npmjs.org/ms/-/ms-2.1.2.tgz",
			"integrity": "sha512-sGkPx+VjMtmA6MX27oA4FBFELFCZZ4S4XqeGOXCv68tT+jb3vk/RyaKWP0PTKyWtmLSM0b+adUTEvbs1PEaH2w==",
			"dev": true
		},
		"nanoid": {
			"version": "3.1.22",
			"resolved": "https://registry.npmjs.org/nanoid/-/nanoid-3.1.22.tgz",
			"integrity": "sha512-/2ZUaJX2ANuLtTvqTlgqBQNJoQO398KyJgZloL0PZkC0dpysjncRUPsFe3DUPzz/y3h+u7C46np8RMuvF3jsSQ==",
			"dev": true
		},
		"object-assign": {
			"version": "4.1.1",
			"resolved": "https://registry.npmjs.org/object-assign/-/object-assign-4.1.1.tgz",
			"integrity": "sha1-IQmtx5ZYh8/AXLvUQsrIv7s2CGM=",
			"dev": true
		},
		"parse-uri": {
			"version": "1.0.3",
			"resolved": "https://registry.npmjs.org/parse-uri/-/parse-uri-1.0.3.tgz",
			"integrity": "sha512-upMnGxNcm+45So85HoguwZTVZI9u11i36DdxJfGF2HYWS2eh3TIx7+/tTi7qrEq15qzGkVhsKjesau+kCk48pA==",
			"dev": true
		},
		"path-parse": {
			"version": "1.0.6",
			"resolved": "https://registry.npmjs.org/path-parse/-/path-parse-1.0.6.tgz",
			"integrity": "sha512-GSmOT2EbHrINBf9SR7CDELwlJ8AENk3Qn7OikK4nFYAu3Ote2+JYNVvkpAEQm3/TLNEJFD/xZJjzyxg3KBWOzw==",
			"dev": true
		},
		"penner": {
			"version": "0.1.3",
			"resolved": "https://registry.npmjs.org/penner/-/penner-0.1.3.tgz",
			"integrity": "sha1-C4tILU6bOa8vPXw3WSIpuKzClwU=",
			"dev": true
		},
		"picomatch": {
			"version": "2.2.3",
			"resolved": "https://registry.npmjs.org/picomatch/-/picomatch-2.2.3.tgz",
			"integrity": "sha512-KpELjfwcCDUb9PeigTs2mBJzXUPzAuP2oPcA989He8Rte0+YUAjw1JVedDhuTKPkHjSYzMN3npC9luThGYEKdg==",
			"dev": true
		},
		"pixi-viewport": {
			"version": "4.30.4",
			"resolved": "https://registry.npmjs.org/pixi-viewport/-/pixi-viewport-4.30.4.tgz",
			"integrity": "sha512-nwS0k0JukXjP8yFUptIOPiVQIlXAm074BGSIMBuqWRo2E0rc4Pk5YPCrBaOs1WsydioHs+wd4PhmfHGHOW395A==",
			"dev": true,
			"requires": {
				"penner": "^0.1.3"
			}
		},
		"pixi.js": {
			"version": "6.0.2",
			"resolved": "https://registry.npmjs.org/pixi.js/-/pixi.js-6.0.2.tgz",
			"integrity": "sha512-ioH2+TxyWMwY+nlOgopxfHBBOpB2Wp79LBNCXPP8dIFWH6q70IAKAL++39aK7+MyLvdqwQ+tSnIWuAMNpKPJCw==",
			"dev": true,
			"requires": {
				"@pixi/accessibility": "6.0.2",
				"@pixi/app": "6.0.2",
				"@pixi/compressed-textures": "6.0.2",
				"@pixi/constants": "6.0.2",
				"@pixi/core": "6.0.2",
				"@pixi/display": "6.0.2",
				"@pixi/extract": "6.0.2",
				"@pixi/filter-alpha": "6.0.2",
				"@pixi/filter-blur": "6.0.2",
				"@pixi/filter-color-matrix": "6.0.2",
				"@pixi/filter-displacement": "6.0.2",
				"@pixi/filter-fxaa": "6.0.2",
				"@pixi/filter-noise": "6.0.2",
				"@pixi/graphics": "6.0.2",
				"@pixi/interaction": "6.0.2",
				"@pixi/loaders": "6.0.2",
				"@pixi/math": "6.0.2",
				"@pixi/mesh": "6.0.2",
				"@pixi/mesh-extras": "6.0.2",
				"@pixi/mixin-cache-as-bitmap": "6.0.2",
				"@pixi/mixin-get-child-by-name": "6.0.2",
				"@pixi/mixin-get-global-position": "6.0.2",
				"@pixi/particles": "6.0.2",
				"@pixi/polyfill": "6.0.2",
				"@pixi/prepare": "6.0.2",
				"@pixi/runner": "6.0.2",
				"@pixi/settings": "6.0.2",
				"@pixi/sprite": "6.0.2",
				"@pixi/sprite-animated": "6.0.2",
				"@pixi/sprite-tiling": "6.0.2",
				"@pixi/spritesheet": "6.0.2",
				"@pixi/text": "6.0.2",
				"@pixi/text-bitmap": "6.0.2",
				"@pixi/ticker": "6.0.2",
				"@pixi/utils": "6.0.2"
			}
		},
		"postcss": {
			"version": "8.2.14",
			"resolved": "https://registry.npmjs.org/postcss/-/postcss-8.2.14.tgz",
			"integrity": "sha512-+jD0ZijcvyCqPQo/m/CW0UcARpdFylq04of+Q7RKX6f/Tu+dvpUI/9Sp81+i6/vJThnOBX09Quw0ZLOVwpzX3w==",
			"dev": true,
			"requires": {
				"colorette": "^1.2.2",
				"nanoid": "^3.1.22",
				"source-map": "^0.6.1"
			},
			"dependencies": {
				"source-map": {
					"version": "0.6.1",
					"resolved": "https://registry.npmjs.org/source-map/-/source-map-0.6.1.tgz",
					"integrity": "sha512-UjgapumWlbMhkBgzT7Ykc5YXUT46F0iKu8SGXq0bcwP5dz/h0Plj6enJqjz1Zbq2l5WaqYnrVbwWOWMyF3F47g==",
					"dev": true
				}
			}
		},
		"promise-polyfill": {
			"version": "8.2.0",
			"resolved": "https://registry.npmjs.org/promise-polyfill/-/promise-polyfill-8.2.0.tgz",
			"integrity": "sha512-k/TC0mIcPVF6yHhUvwAp7cvL6I2fFV7TzF1DuGPI8mBh4QQazf36xCKEHKTZKRysEoTQoQdKyP25J8MPJp7j5g==",
			"dev": true
		},
		"punycode": {
			"version": "1.3.2",
			"resolved": "https://registry.npmjs.org/punycode/-/punycode-1.3.2.tgz",
			"integrity": "sha1-llOgNvt8HuQjQvIyXM7v6jkmxI0=",
			"dev": true
		},
		"querystring": {
			"version": "0.2.0",
			"resolved": "https://registry.npmjs.org/querystring/-/querystring-0.2.0.tgz",
			"integrity": "sha1-sgmEkgO7Jd+CDadW50cAWHhSFiA=",
			"dev": true
		},
		"require-relative": {
			"version": "0.8.7",
			"resolved": "https://registry.npmjs.org/require-relative/-/require-relative-0.8.7.tgz",
			"integrity": "sha1-eZlTn8ngR6N5KPoZb44VY9q9Nt4=",
			"dev": true
		},
		"resolve": {
			"version": "1.20.0",
			"resolved": "https://registry.npmjs.org/resolve/-/resolve-1.20.0.tgz",
			"integrity": "sha512-wENBPt4ySzg4ybFQW2TT1zMQucPK95HSh/nq2CFTZVOGut2+pQvSsgtda4d26YrYcr067wjbmzOG8byDPBX63A==",
			"dev": true,
			"requires": {
				"is-core-module": "^2.2.0",
				"path-parse": "^1.0.6"
			}
		},
		"resource-loader": {
			"version": "3.0.1",
			"resolved": "https://registry.npmjs.org/resource-loader/-/resource-loader-3.0.1.tgz",
			"integrity": "sha512-fBuCRbEHdLCI1eglzQhUv9Rrdcmqkydr1r6uHE2cYHvRBrcLXeSmbE/qI/urFt8rPr/IGxir3BUwM5kUK8XoyA==",
			"dev": true,
			"requires": {
				"mini-signals": "^1.2.0",
				"parse-uri": "^1.0.0"
			}
		},
		"rollup": {
			"version": "2.47.0",
			"resolved": "https://registry.npmjs.org/rollup/-/rollup-2.47.0.tgz",
			"integrity": "sha512-rqBjgq9hQfW0vRmz+0S062ORRNJXvwRpzxhFXORvar/maZqY6za3rgQ/p1Glg+j1hnc1GtYyQCPiAei95uTElg==",
			"dev": true,
			"requires": {
				"fsevents": "~2.3.1"
			}
		},
		"sade": {
			"version": "1.7.4",
			"resolved": "https://registry.npmjs.org/sade/-/sade-1.7.4.tgz",
			"integrity": "sha512-y5yauMD93rX840MwUJr7C1ysLFBgMspsdTo4UVrDg3fXDvtwOyIqykhVAAm6fk/3au77773itJStObgK+LKaiA==",
			"dev": true,
			"requires": {
				"mri": "^1.1.0"
			}
		},
		"slash": {
			"version": "4.0.0",
			"resolved": "https://registry.npmjs.org/slash/-/slash-4.0.0.tgz",
			"integrity": "sha512-3dOsAHXXUkQTpOYcoAxLIorMTp4gIQr5IW3iVb7A7lFIp0VHhnynm9izx6TssdrIcVIESAlVjtnO2K8bg+Coew==",
			"dev": true
		},
		"source-map": {
			"version": "0.7.3",
			"resolved": "https://registry.npmjs.org/source-map/-/source-map-0.7.3.tgz",
			"integrity": "sha512-CkCj6giN3S+n9qrYiBTX5gystlENnRW5jZeNLHpe6aue+SrHcG5VYwujhW9s4dY31mEGsxBDrHR6oI69fTXsaQ==",
			"dev": true
		},
		"supports-color": {
			"version": "7.2.0",
			"resolved": "https://registry.npmjs.org/supports-color/-/supports-color-7.2.0.tgz",
			"integrity": "sha512-qpCAvRl9stuOHveKsn7HncJRvv501qIacKzQlO/+Lwxc9+0q2wLyv4Dfvt80/DPn2pqOBsJdDiogXGR9+OvwRw==",
			"dev": true,
			"requires": {
				"has-flag": "^4.0.0"
			}
		},
		"svelte": {
			"version": "3.38.2",
			"resolved": "https://registry.npmjs.org/svelte/-/svelte-3.38.2.tgz",
			"integrity": "sha512-q5Dq0/QHh4BLJyEVWGe7Cej5NWs040LWjMbicBGZ+3qpFWJ1YObRmUDZKbbovddLC9WW7THTj3kYbTOFmU9fbg==",
			"dev": true
		},
		"svelte-hmr": {
			"version": "0.14.3",
			"resolved": "https://registry.npmjs.org/svelte-hmr/-/svelte-hmr-0.14.3.tgz",
			"integrity": "sha512-N56xX405zLMw2tpGHKRx5h+kmdeZwxI21pvyC6OyBHJDCF6DlwWBm9TifdQmSD4dloWSmpDPzHWYa3CSjfopUg==",
			"dev": true
		},
		"url": {
			"version": "0.11.0",
			"resolved": "https://registry.npmjs.org/url/-/url-0.11.0.tgz",
			"integrity": "sha1-ODjpfPxgUh63PFJajlW/3Z4uKPE=",
			"dev": true,
			"requires": {
				"punycode": "1.3.2",
				"querystring": "0.2.0"
			}
		},
		"vite": {
			"version": "2.2.4",
			"resolved": "https://registry.npmjs.org/vite/-/vite-2.2.4.tgz",
			"integrity": "sha512-vnIwSNci+phFMp6krhy+FbYzKL0R67Sdt9mVZ96S27AewrApSJjTqncJcalk8sf60BgcbW4+1C6DFIWkxquO9g==",
			"dev": true,
			"requires": {
				"esbuild": "^0.9.3",
				"fsevents": "~2.3.1",
				"postcss": "^8.2.1",
				"resolve": "^1.19.0",
				"rollup": "^2.38.5"
			}
		}
	}
}
